
Microsoft Visual Studio Solution File, Format Version 12.00
# Visual Studio Version 16
VisualStudioVersion = 16.0.30804.86
MinimumVisualStudioVersion = 10.0.40219.1
Project("{FAE04EC0-301F-11D3-BF4B-00C04F79EFBC}") = "MartinPosso_Authentication", "MartinPosso_Authentication\MartinPosso_Authentication.csproj", "{BE69424A-F1F4-4B5B-A89F-95BC92E57726}"
EndProject
Global
	GlobalSection(SolutionConfigurationPlatforms) = preSolution
		Debug|Any CPU = Debug|Any CPU
		Release|Any CPU = Release|Any CPU
	EndGlobalSection
	GlobalSection(ProjectConfigurationPlatforms) = postSolution
		{BE69424A-F1F4-4B5B-A89F-95BC92E57726}.Debug|Any CPU.ActiveCfg = Debug|Any CPU
		{BE69424A-F1F4-4B5B-A89F-95BC92E57726}.Debug|Any CPU.Build.0 = Debug|Any CPU
		{BE69424A-F1F4-4B5B-A89F-95BC92E57726}.Release|Any CPU.ActiveCfg = Release|Any CPU
		{BE69424A-F1F4-4B5B-A89F-95BC92E57726}.Release|Any CPU.Build.0 = Release|Any CPU
	EndGlobalSection
	GlobalSection(SolutionProperties) = preSolution
		HideSolutionNode = FALSE
	EndGlobalSection
	GlobalSection(ExtensibilityGlobals) = postSolution
		SolutionGuid = {17CF7F40-9DF3-4A9C-83C8-E7129CA89C5B}
	EndGlobalSection
EndGlobal
